
Microsoft Visual Studio Solution File, Format Version 12.00
# Visual Studio Version 17
Project("{8BC9CEB8-8B4A-11D0-8D11-00A0C91BC942}") = "ALL_BUILD", "ALL_BUILD.vcxproj", "{9EF3E087-D0BE-330A-8E68-41B330389CF3}"
	ProjectSection(ProjectDependencies) = postProject
		{DC23827D-825A-3D3F-99D6-72F81C464891} = {DC23827D-825A-3D3F-99D6-72F81C464891}
		{5521B9E3-E5FE-3F44-B7A8-54DED16AD5A7} = {5521B9E3-E5FE-3F44-B7A8-54DED16AD5A7}
		{2F495E96-E586-3743-9DB4-41FCAF8B0C98} = {2F495E96-E586-3743-9DB4-41FCAF8B0C98}
		{DFD0D121-EE1D-33BD-8679-F78E2EBFF47C} = {DFD0D121-EE1D-33BD-8679-F78E2EBFF47C}
		{0575EAD7-4E47-3A68-A169-C23EC332922C} = {0575EAD7-4E47-3A68-A169-C23EC332922C}
		{AC066417-9A9E-3885-88BF-8A067FB49B12} = {AC066417-9A9E-3885-88BF-8A067FB49B12}
		{A9F09D3C-312F-302E-A2B8-8A2F8A67F0B5} = {A9F09D3C-312F-302E-A2B8-8A2F8A67F0B5}
		{6CAE8C9A-A78B-3182-AC2F-425332EE58D2} = {6CAE8C9A-A78B-3182-AC2F-425332EE58D2}
		{61E52268-45B4-313D-B904-5155B5B71DD2} = {61E52268-45B4-313D-B904-5155B5B71DD2}
		{E1FB8E08-4436-344E-8819-0F24D365301C} = {E1FB8E08-4436-344E-8819-0F24D365301C}
		{87559AD5-3B37-3C6D-987B-1D4778DB7CC7} = {87559AD5-3B37-3C6D-987B-1D4778DB7CC7}
		{0DF8181F-A56F-33D8-ADA7-FA98F6192F9F} = {0DF8181F-A56F-33D8-ADA7-FA98F6192F9F}
		{000F12FD-E210-3096-8F49-F699C102189B} = {000F12FD-E210-3096-8F49-F699C102189B}
		{B994CFCB-A49C-3522-9861-4C43EDD8CB67} = {B994CFCB-A49C-3522-9861-4C43EDD8CB67}
		{DAB6F00C-3D02-3A30-86CD-0800B9EDE46D} = {DAB6F00C-3D02-3A30-86CD-0800B9EDE46D}
		{B93FE882-EA40-3D96-B8D3-6894868180A9} = {B93FE882-EA40-3D96-B8D3-6894868180A9}
		{096AA828-A1AC-3F0B-8C7C-DC35A8DA729B} = {096AA828-A1AC-3F0B-8C7C-DC35A8DA729B}
		{B68A51AC-0609-36FF-8AD8-B5BE72F84B19} = {B68A51AC-0609-36FF-8AD8-B5BE72F84B19}
		{BD331D91-5BC4-39FC-B17F-D8C38D8413D3} = {BD331D91-5BC4-39FC-B17F-D8C38D8413D3}
		{DF61D388-5E3C-3FDA-9FEE-2748BFBB4472} = {DF61D388-5E3C-3FDA-9FEE-2748BFBB4472}
	EndProjectSection
EndProject
Project("{8BC9CEB8-8B4A-11D0-8D11-00A0C91BC942}") = "ZERO_CHECK", "ZERO_CHECK.vcxproj", "{DC23827D-825A-3D3F-99D6-72F81C464891}"
	ProjectSection(ProjectDependencies) = postProject
	EndProjectSection
EndProject
Project("{8BC9CEB8-8B4A-11D0-8D11-00A0C91BC942}") = "bandtest", "Code\BandTest\bandtest.vcxproj", "{5521B9E3-E5FE-3F44-B7A8-54DED16AD5A7}"
	ProjectSection(ProjectDependencies) = postProject
		{DC23827D-825A-3D3F-99D6-72F81C464891} = {DC23827D-825A-3D3F-99D6-72F81C464891}
		{0DF8181F-A56F-33D8-ADA7-FA98F6192F9F} = {0DF8181F-A56F-33D8-ADA7-FA98F6192F9F}
		{000F12FD-E210-3096-8F49-F699C102189B} = {000F12FD-E210-3096-8F49-F699C102189B}
		{DAB6F00C-3D02-3A30-86CD-0800B9EDE46D} = {DAB6F00C-3D02-3A30-86CD-0800B9EDE46D}
	EndProjectSection
EndProject
Project("{8BC9CEB8-8B4A-11D0-8D11-00A0C91BC942}") = "binkmovie", "Code\BinkMovie\binkmovie.vcxproj", "{2F495E96-E586-3743-9DB4-41FCAF8B0C98}"
	ProjectSection(ProjectDependencies) = postProject
		{DC23827D-825A-3D3F-99D6-72F81C464891} = {DC23827D-825A-3D3F-99D6-72F81C464891}
		{61E52268-45B4-313D-B904-5155B5B71DD2} = {61E52268-45B4-313D-B904-5155B5B71DD2}
		{0DF8181F-A56F-33D8-ADA7-FA98F6192F9F} = {0DF8181F-A56F-33D8-ADA7-FA98F6192F9F}
		{000F12FD-E210-3096-8F49-F699C102189B} = {000F12FD-E210-3096-8F49-F699C102189B}
		{B994CFCB-A49C-3522-9861-4C43EDD8CB67} = {B994CFCB-A49C-3522-9861-4C43EDD8CB67}
	EndProjectSection
EndProject
Project("{8BC9CEB8-8B4A-11D0-8D11-00A0C91BC942}") = "combat", "Code\Combat\combat.vcxproj", "{DFD0D121-EE1D-33BD-8679-F78E2EBFF47C}"
	ProjectSection(ProjectDependencies) = postProject
		{DC23827D-825A-3D3F-99D6-72F81C464891} = {DC23827D-825A-3D3F-99D6-72F81C464891}
		{2F495E96-E586-3743-9DB4-41FCAF8B0C98} = {2F495E96-E586-3743-9DB4-41FCAF8B0C98}
		{A9F09D3C-312F-302E-A2B8-8A2F8A67F0B5} = {A9F09D3C-312F-302E-A2B8-8A2F8A67F0B5}
		{61E52268-45B4-313D-B904-5155B5B71DD2} = {61E52268-45B4-313D-B904-5155B5B71DD2}
		{E1FB8E08-4436-344E-8819-0F24D365301C} = {E1FB8E08-4436-344E-8819-0F24D365301C}
		{87559AD5-3B37-3C6D-987B-1D4778DB7CC7} = {87559AD5-3B37-3C6D-987B-1D4778DB7CC7}
		{0DF8181F-A56F-33D8-ADA7-FA98F6192F9F} = {0DF8181F-A56F-33D8-ADA7-FA98F6192F9F}
		{000F12FD-E210-3096-8F49-F699C102189B} = {000F12FD-E210-3096-8F49-F699C102189B}
		{B994CFCB-A49C-3522-9861-4C43EDD8CB67} = {B994CFCB-A49C-3522-9861-4C43EDD8CB67}
		{DAB6F00C-3D02-3A30-86CD-0800B9EDE46D} = {DAB6F00C-3D02-3A30-86CD-0800B9EDE46D}
		{B93FE882-EA40-3D96-B8D3-6894868180A9} = {B93FE882-EA40-3D96-B8D3-6894868180A9}
		{096AA828-A1AC-3F0B-8C7C-DC35A8DA729B} = {096AA828-A1AC-3F0B-8C7C-DC35A8DA729B}
		{B68A51AC-0609-36FF-8AD8-B5BE72F84B19} = {B68A51AC-0609-36FF-8AD8-B5BE72F84B19}
		{BD331D91-5BC4-39FC-B17F-D8C38D8413D3} = {BD331D91-5BC4-39FC-B17F-D8C38D8413D3}
		{DF61D388-5E3C-3FDA-9FEE-2748BFBB4472} = {DF61D388-5E3C-3FDA-9FEE-2748BFBB4472}
	EndProjectSection
EndProject
Project("{8BC9CEB8-8B4A-11D0-8D11-00A0C91BC942}") = "gamespy", "Code\GameSpy\gamespy.vcxproj", "{0575EAD7-4E47-3A68-A169-C23EC332922C}"
	ProjectSection(ProjectDependencies) = postProject
		{DC23827D-825A-3D3F-99D6-72F81C464891} = {DC23827D-825A-3D3F-99D6-72F81C464891}
		{0DF8181F-A56F-33D8-ADA7-FA98F6192F9F} = {0DF8181F-A56F-33D8-ADA7-FA98F6192F9F}
		{000F12FD-E210-3096-8F49-F699C102189B} = {000F12FD-E210-3096-8F49-F699C102189B}
		{DAB6F00C-3D02-3A30-86CD-0800B9EDE46D} = {DAB6F00C-3D02-3A30-86CD-0800B9EDE46D}
	EndProjectSection
EndProject
Project("{8BC9CEB8-8B4A-11D0-8D11-00A0C91BC942}") = "renegade", "Code\Commando\renegade.vcxproj", "{AC066417-9A9E-3885-88BF-8A067FB49B12}"
	ProjectSection(ProjectDependencies) = postProject
		{DC23827D-825A-3D3F-99D6-72F81C464891} = {DC23827D-825A-3D3F-99D6-72F81C464891}
		{5521B9E3-E5FE-3F44-B7A8-54DED16AD5A7} = {5521B9E3-E5FE-3F44-B7A8-54DED16AD5A7}
		{2F495E96-E586-3743-9DB4-41FCAF8B0C98} = {2F495E96-E586-3743-9DB4-41FCAF8B0C98}
		{DFD0D121-EE1D-33BD-8679-F78E2EBFF47C} = {DFD0D121-EE1D-33BD-8679-F78E2EBFF47C}
		{0575EAD7-4E47-3A68-A169-C23EC332922C} = {0575EAD7-4E47-3A68-A169-C23EC332922C}
		{A9F09D3C-312F-302E-A2B8-8A2F8A67F0B5} = {A9F09D3C-312F-302E-A2B8-8A2F8A67F0B5}
		{61E52268-45B4-313D-B904-5155B5B71DD2} = {61E52268-45B4-313D-B904-5155B5B71DD2}
		{E1FB8E08-4436-344E-8819-0F24D365301C} = {E1FB8E08-4436-344E-8819-0F24D365301C}
		{87559AD5-3B37-3C6D-987B-1D4778DB7CC7} = {87559AD5-3B37-3C6D-987B-1D4778DB7CC7}
		{0DF8181F-A56F-33D8-ADA7-FA98F6192F9F} = {0DF8181F-A56F-33D8-ADA7-FA98F6192F9F}
		{000F12FD-E210-3096-8F49-F699C102189B} = {000F12FD-E210-3096-8F49-F699C102189B}
		{B994CFCB-A49C-3522-9861-4C43EDD8CB67} = {B994CFCB-A49C-3522-9861-4C43EDD8CB67}
		{DAB6F00C-3D02-3A30-86CD-0800B9EDE46D} = {DAB6F00C-3D02-3A30-86CD-0800B9EDE46D}
		{B93FE882-EA40-3D96-B8D3-6894868180A9} = {B93FE882-EA40-3D96-B8D3-6894868180A9}
		{096AA828-A1AC-3F0B-8C7C-DC35A8DA729B} = {096AA828-A1AC-3F0B-8C7C-DC35A8DA729B}
		{B68A51AC-0609-36FF-8AD8-B5BE72F84B19} = {B68A51AC-0609-36FF-8AD8-B5BE72F84B19}
		{BD331D91-5BC4-39FC-B17F-D8C38D8413D3} = {BD331D91-5BC4-39FC-B17F-D8C38D8413D3}
		{DF61D388-5E3C-3FDA-9FEE-2748BFBB4472} = {DF61D388-5E3C-3FDA-9FEE-2748BFBB4472}
	EndProjectSection
EndProject
Project("{8BC9CEB8-8B4A-11D0-8D11-00A0C91BC942}") = "scontrol", "Code\SControl\scontrol.vcxproj", "{A9F09D3C-312F-302E-A2B8-8A2F8A67F0B5}"
	ProjectSection(ProjectDependencies) = postProject
		{DC23827D-825A-3D3F-99D6-72F81C464891} = {DC23827D-825A-3D3F-99D6-72F81C464891}
		{0DF8181F-A56F-33D8-ADA7-FA98F6192F9F} = {0DF8181F-A56F-33D8-ADA7-FA98F6192F9F}
		{000F12FD-E210-3096-8F49-F699C102189B} = {000F12FD-E210-3096-8F49-F699C102189B}
		{DAB6F00C-3D02-3A30-86CD-0800B9EDE46D} = {DAB6F00C-3D02-3A30-86CD-0800B9EDE46D}
	EndProjectSection
EndProject
Project("{8BC9CEB8-8B4A-11D0-8D11-00A0C91BC942}") = "scripts", "Code\Scripts\scripts.vcxproj", "{6CAE8C9A-A78B-3182-AC2F-425332EE58D2}"
	ProjectSection(ProjectDependencies) = postProject
		{DC23827D-825A-3D3F-99D6-72F81C464891} = {DC23827D-825A-3D3F-99D6-72F81C464891}
		{0DF8181F-A56F-33D8-ADA7-FA98F6192F9F} = {0DF8181F-A56F-33D8-ADA7-FA98F6192F9F}
		{000F12FD-E210-3096-8F49-F699C102189B} = {000F12FD-E210-3096-8F49-F699C102189B}
		{B994CFCB-A49C-3522-9861-4C43EDD8CB67} = {B994CFCB-A49C-3522-9861-4C43EDD8CB67}
	EndProjectSection
EndProject
Project("{8BC9CEB8-8B4A-11D0-8D11-00A0C91BC942}") = "ww3d2", "Code\ww3d2\ww3d2.vcxproj", "{61E52268-45B4-313D-B904-5155B5B71DD2}"
	ProjectSection(ProjectDependencies) = postProject
		{DC23827D-825A-3D3F-99D6-72F81C464891} = {DC23827D-825A-3D3F-99D6-72F81C464891}
		{0DF8181F-A56F-33D8-ADA7-FA98F6192F9F} = {0DF8181F-A56F-33D8-ADA7-FA98F6192F9F}
		{000F12FD-E210-3096-8F49-F699C102189B} = {000F12FD-E210-3096-8F49-F699C102189B}
		{B994CFCB-A49C-3522-9861-4C43EDD8CB67} = {B994CFCB-A49C-3522-9861-4C43EDD8CB67}
	EndProjectSection
EndProject
Project("{8BC9CEB8-8B4A-11D0-8D11-00A0C91BC942}") = "wwaudio", "Code\WWAudio\wwaudio.vcxproj", "{E1FB8E08-4436-344E-8819-0F24D365301C}"
	ProjectSection(ProjectDependencies) = postProject
		{DC23827D-825A-3D3F-99D6-72F81C464891} = {DC23827D-825A-3D3F-99D6-72F81C464891}
		{61E52268-45B4-313D-B904-5155B5B71DD2} = {61E52268-45B4-313D-B904-5155B5B71DD2}
		{0DF8181F-A56F-33D8-ADA7-FA98F6192F9F} = {0DF8181F-A56F-33D8-ADA7-FA98F6192F9F}
		{000F12FD-E210-3096-8F49-F699C102189B} = {000F12FD-E210-3096-8F49-F699C102189B}
		{B994CFCB-A49C-3522-9861-4C43EDD8CB67} = {B994CFCB-A49C-3522-9861-4C43EDD8CB67}
	EndProjectSection
EndProject
Project("{8BC9CEB8-8B4A-11D0-8D11-00A0C91BC942}") = "wwbitpack", "Code\wwbitpack\wwbitpack.vcxproj", "{87559AD5-3B37-3C6D-987B-1D4778DB7CC7}"
	ProjectSection(ProjectDependencies) = postProject
		{DC23827D-825A-3D3F-99D6-72F81C464891} = {DC23827D-825A-3D3F-99D6-72F81C464891}
		{0DF8181F-A56F-33D8-ADA7-FA98F6192F9F} = {0DF8181F-A56F-33D8-ADA7-FA98F6192F9F}
		{000F12FD-E210-3096-8F49-F699C102189B} = {000F12FD-E210-3096-8F49-F699C102189B}
	EndProjectSection
EndProject
Project("{8BC9CEB8-8B4A-11D0-8D11-00A0C91BC942}") = "wwdebug", "Code\wwdebug\wwdebug.vcxproj", "{0DF8181F-A56F-33D8-ADA7-FA98F6192F9F}"
	ProjectSection(ProjectDependencies) = postProject
		{DC23827D-825A-3D3F-99D6-72F81C464891} = {DC23827D-825A-3D3F-99D6-72F81C464891}
	EndProjectSection
EndProject
Project("{8BC9CEB8-8B4A-11D0-8D11-00A0C91BC942}") = "wwlib", "Code\wwlib\wwlib.vcxproj", "{000F12FD-E210-3096-8F49-F699C102189B}"
	ProjectSection(ProjectDependencies) = postProject
		{DC23827D-825A-3D3F-99D6-72F81C464891} = {DC23827D-825A-3D3F-99D6-72F81C464891}
		{0DF8181F-A56F-33D8-ADA7-FA98F6192F9F} = {0DF8181F-A56F-33D8-ADA7-FA98F6192F9F}
	EndProjectSection
EndProject
Project("{8BC9CEB8-8B4A-11D0-8D11-00A0C91BC942}") = "wwmath", "Code\WWMath\wwmath.vcxproj", "{B994CFCB-A49C-3522-9861-4C43EDD8CB67}"
	ProjectSection(ProjectDependencies) = postProject
		{DC23827D-825A-3D3F-99D6-72F81C464891} = {DC23827D-825A-3D3F-99D6-72F81C464891}
		{0DF8181F-A56F-33D8-ADA7-FA98F6192F9F} = {0DF8181F-A56F-33D8-ADA7-FA98F6192F9F}
		{000F12FD-E210-3096-8F49-F699C102189B} = {000F12FD-E210-3096-8F49-F699C102189B}
	EndProjectSection
EndProject
Project("{8BC9CEB8-8B4A-11D0-8D11-00A0C91BC942}") = "wwnet", "Code\wwnet\wwnet.vcxproj", "{DAB6F00C-3D02-3A30-86CD-0800B9EDE46D}"
	ProjectSection(ProjectDependencies) = postProject
		{DC23827D-825A-3D3F-99D6-72F81C464891} = {DC23827D-825A-3D3F-99D6-72F81C464891}
		{0DF8181F-A56F-33D8-ADA7-FA98F6192F9F} = {0DF8181F-A56F-33D8-ADA7-FA98F6192F9F}
		{000F12FD-E210-3096-8F49-F699C102189B} = {000F12FD-E210-3096-8F49-F699C102189B}
	EndProjectSection
EndProject
Project("{8BC9CEB8-8B4A-11D0-8D11-00A0C91BC942}") = "wwphys", "Code\wwphys\wwphys.vcxproj", "{B93FE882-EA40-3D96-B8D3-6894868180A9}"
	ProjectSection(ProjectDependencies) = postProject
		{DC23827D-825A-3D3F-99D6-72F81C464891} = {DC23827D-825A-3D3F-99D6-72F81C464891}
		{61E52268-45B4-313D-B904-5155B5B71DD2} = {61E52268-45B4-313D-B904-5155B5B71DD2}
		{0DF8181F-A56F-33D8-ADA7-FA98F6192F9F} = {0DF8181F-A56F-33D8-ADA7-FA98F6192F9F}
		{000F12FD-E210-3096-8F49-F699C102189B} = {000F12FD-E210-3096-8F49-F699C102189B}
		{B994CFCB-A49C-3522-9861-4C43EDD8CB67} = {B994CFCB-A49C-3522-9861-4C43EDD8CB67}
	EndProjectSection
EndProject
Project("{8BC9CEB8-8B4A-11D0-8D11-00A0C91BC942}") = "wwsaveload", "Code\wwsaveload\wwsaveload.vcxproj", "{096AA828-A1AC-3F0B-8C7C-DC35A8DA729B}"
	ProjectSection(ProjectDependencies) = postProject
		{DC23827D-825A-3D3F-99D6-72F81C464891} = {DC23827D-825A-3D3F-99D6-72F81C464891}
		{0DF8181F-A56F-33D8-ADA7-FA98F6192F9F} = {0DF8181F-A56F-33D8-ADA7-FA98F6192F9F}
		{000F12FD-E210-3096-8F49-F699C102189B} = {000F12FD-E210-3096-8F49-F699C102189B}
	EndProjectSection
EndProject
Project("{8BC9CEB8-8B4A-11D0-8D11-00A0C91BC942}") = "wwtranslatedb", "Code\wwtranslatedb\wwtranslatedb.vcxproj", "{B68A51AC-0609-36FF-8AD8-B5BE72F84B19}"
	ProjectSection(ProjectDependencies) = postProject
		{DC23827D-825A-3D3F-99D6-72F81C464891} = {DC23827D-825A-3D3F-99D6-72F81C464891}
		{0DF8181F-A56F-33D8-ADA7-FA98F6192F9F} = {0DF8181F-A56F-33D8-ADA7-FA98F6192F9F}
		{000F12FD-E210-3096-8F49-F699C102189B} = {000F12FD-E210-3096-8F49-F699C102189B}
	EndProjectSection
EndProject
Project("{8BC9CEB8-8B4A-11D0-8D11-00A0C91BC942}") = "wwui", "Code\wwui\wwui.vcxproj", "{BD331D91-5BC4-39FC-B17F-D8C38D8413D3}"
	ProjectSection(ProjectDependencies) = postProject
		{DC23827D-825A-3D3F-99D6-72F81C464891} = {DC23827D-825A-3D3F-99D6-72F81C464891}
		{61E52268-45B4-313D-B904-5155B5B71DD2} = {61E52268-45B4-313D-B904-5155B5B71DD2}
		{0DF8181F-A56F-33D8-ADA7-FA98F6192F9F} = {0DF8181F-A56F-33D8-ADA7-FA98F6192F9F}
		{000F12FD-E210-3096-8F49-F699C102189B} = {000F12FD-E210-3096-8F49-F699C102189B}
		{B994CFCB-A49C-3522-9861-4C43EDD8CB67} = {B994CFCB-A49C-3522-9861-4C43EDD8CB67}
	EndProjectSection
EndProject
Project("{8BC9CEB8-8B4A-11D0-8D11-00A0C91BC942}") = "wwutil", "Code\wwutil\wwutil.vcxproj", "{DF61D388-5E3C-3FDA-9FEE-2748BFBB4472}"
	ProjectSection(ProjectDependencies) = postProject
		{DC23827D-825A-3D3F-99D6-72F81C464891} = {DC23827D-825A-3D3F-99D6-72F81C464891}
		{0DF8181F-A56F-33D8-ADA7-FA98F6192F9F} = {0DF8181F-A56F-33D8-ADA7-FA98F6192F9F}
		{000F12FD-E210-3096-8F49-F699C102189B} = {000F12FD-E210-3096-8F49-F699C102189B}
	EndProjectSection
EndProject
Global
	GlobalSection(SolutionConfigurationPlatforms) = preSolution
		Debug|x64 = Debug|x64
		Release|x64 = Release|x64
		Profile|x64 = Profile|x64
	EndGlobalSection
	GlobalSection(ProjectConfigurationPlatforms) = postSolution
		{9EF3E087-D0BE-330A-8E68-41B330389CF3}.Debug|x64.ActiveCfg = Debug|x64
		{9EF3E087-D0BE-330A-8E68-41B330389CF3}.Release|x64.ActiveCfg = Release|x64
		{9EF3E087-D0BE-330A-8E68-41B330389CF3}.Profile|x64.ActiveCfg = Profile|x64
		{DC23827D-825A-3D3F-99D6-72F81C464891}.Debug|x64.ActiveCfg = Debug|x64
		{DC23827D-825A-3D3F-99D6-72F81C464891}.Debug|x64.Build.0 = Debug|x64
		{DC23827D-825A-3D3F-99D6-72F81C464891}.Release|x64.ActiveCfg = Release|x64
		{DC23827D-825A-3D3F-99D6-72F81C464891}.Release|x64.Build.0 = Release|x64
		{DC23827D-825A-3D3F-99D6-72F81C464891}.Profile|x64.ActiveCfg = Profile|x64
		{DC23827D-825A-3D3F-99D6-72F81C464891}.Profile|x64.Build.0 = Profile|x64
		{5521B9E3-E5FE-3F44-B7A8-54DED16AD5A7}.Debug|x64.ActiveCfg = Debug|x64
		{5521B9E3-E5FE-3F44-B7A8-54DED16AD5A7}.Debug|x64.Build.0 = Debug|x64
		{5521B9E3-E5FE-3F44-B7A8-54DED16AD5A7}.Release|x64.ActiveCfg = Release|x64
		{5521B9E3-E5FE-3F44-B7A8-54DED16AD5A7}.Release|x64.Build.0 = Release|x64
		{5521B9E3-E5FE-3F44-B7A8-54DED16AD5A7}.Profile|x64.ActiveCfg = Profile|x64
		{5521B9E3-E5FE-3F44-B7A8-54DED16AD5A7}.Profile|x64.Build.0 = Profile|x64
		{2F495E96-E586-3743-9DB4-41FCAF8B0C98}.Debug|x64.ActiveCfg = Debug|x64
		{2F495E96-E586-3743-9DB4-41FCAF8B0C98}.Debug|x64.Build.0 = Debug|x64
		{2F495E96-E586-3743-9DB4-41FCAF8B0C98}.Release|x64.ActiveCfg = Release|x64
		{2F495E96-E586-3743-9DB4-41FCAF8B0C98}.Release|x64.Build.0 = Release|x64
		{2F495E96-E586-3743-9DB4-41FCAF8B0C98}.Profile|x64.ActiveCfg = Profile|x64
		{2F495E96-E586-3743-9DB4-41FCAF8B0C98}.Profile|x64.Build.0 = Profile|x64
		{DFD0D121-EE1D-33BD-8679-F78E2EBFF47C}.Debug|x64.ActiveCfg = Debug|x64
		{DFD0D121-EE1D-33BD-8679-F78E2EBFF47C}.Debug|x64.Build.0 = Debug|x64
		{DFD0D121-EE1D-33BD-8679-F78E2EBFF47C}.Release|x64.ActiveCfg = Release|x64
		{DFD0D121-EE1D-33BD-8679-F78E2EBFF47C}.Release|x64.Build.0 = Release|x64
		{DFD0D121-EE1D-33BD-8679-F78E2EBFF47C}.Profile|x64.ActiveCfg = Profile|x64
		{DFD0D121-EE1D-33BD-8679-F78E2EBFF47C}.Profile|x64.Build.0 = Profile|x64
		{0575EAD7-4E47-3A68-A169-C23EC332922C}.Debug|x64.ActiveCfg = Debug|x64
		{0575EAD7-4E47-3A68-A169-C23EC332922C}.Debug|x64.Build.0 = Debug|x64
		{0575EAD7-4E47-3A68-A169-C23EC332922C}.Release|x64.ActiveCfg = Release|x64
		{0575EAD7-4E47-3A68-A169-C23EC332922C}.Release|x64.Build.0 = Release|x64
		{0575EAD7-4E47-3A68-A169-C23EC332922C}.Profile|x64.ActiveCfg = Profile|x64
		{0575EAD7-4E47-3A68-A169-C23EC332922C}.Profile|x64.Build.0 = Profile|x64
		{AC066417-9A9E-3885-88BF-8A067FB49B12}.Debug|x64.ActiveCfg = Debug|x64
		{AC066417-9A9E-3885-88BF-8A067FB49B12}.Debug|x64.Build.0 = Debug|x64
		{AC066417-9A9E-3885-88BF-8A067FB49B12}.Release|x64.ActiveCfg = Release|x64
		{AC066417-9A9E-3885-88BF-8A067FB49B12}.Release|x64.Build.0 = Release|x64
		{AC066417-9A9E-3885-88BF-8A067FB49B12}.Profile|x64.ActiveCfg = Profile|x64
		{AC066417-9A9E-3885-88BF-8A067FB49B12}.Profile|x64.Build.0 = Profile|x64
		{A9F09D3C-312F-302E-A2B8-8A2F8A67F0B5}.Debug|x64.ActiveCfg = Debug|x64
		{A9F09D3C-312F-302E-A2B8-8A2F8A67F0B5}.Debug|x64.Build.0 = Debug|x64
		{A9F09D3C-312F-302E-A2B8-8A2F8A67F0B5}.Release|x64.ActiveCfg = Release|x64
		{A9F09D3C-312F-302E-A2B8-8A2F8A67F0B5}.Release|x64.Build.0 = Release|x64
		{A9F09D3C-312F-302E-A2B8-8A2F8A67F0B5}.Profile|x64.ActiveCfg = Profile|x64
		{A9F09D3C-312F-302E-A2B8-8A2F8A67F0B5}.Profile|x64.Build.0 = Profile|x64
		{6CAE8C9A-A78B-3182-AC2F-425332EE58D2}.Debug|x64.ActiveCfg = Debug|x64
		{6CAE8C9A-A78B-3182-AC2F-425332EE58D2}.Debug|x64.Build.0 = Debug|x64
		{6CAE8C9A-A78B-3182-AC2F-425332EE58D2}.Release|x64.ActiveCfg = Release|x64
		{6CAE8C9A-A78B-3182-AC2F-425332EE58D2}.Release|x64.Build.0 = Release|x64
		{6CAE8C9A-A78B-3182-AC2F-425332EE58D2}.Profile|x64.ActiveCfg = Profile|x64
		{6CAE8C9A-A78B-3182-AC2F-425332EE58D2}.Profile|x64.Build.0 = Profile|x64
		{61E52268-45B4-313D-B904-5155B5B71DD2}.Debug|x64.ActiveCfg = Debug|x64
		{61E52268-45B4-313D-B904-5155B5B71DD2}.Debug|x64.Build.0 = Debug|x64
		{61E52268-45B4-313D-B904-5155B5B71DD2}.Release|x64.ActiveCfg = Release|x64
		{61E52268-45B4-313D-B904-5155B5B71DD2}.Release|x64.Build.0 = Release|x64
		{61E52268-45B4-313D-B904-5155B5B71DD2}.Profile|x64.ActiveCfg = Profile|x64
		{61E52268-45B4-313D-B904-5155B5B71DD2}.Profile|x64.Build.0 = Profile|x64
		{E1FB8E08-4436-344E-8819-0F24D365301C}.Debug|x64.ActiveCfg = Debug|x64
		{E1FB8E08-4436-344E-8819-0F24D365301C}.Debug|x64.Build.0 = Debug|x64
		{E1FB8E08-4436-344E-8819-0F24D365301C}.Release|x64.ActiveCfg = Release|x64
		{E1FB8E08-4436-344E-8819-0F24D365301C}.Release|x64.Build.0 = Release|x64
		{E1FB8E08-4436-344E-8819-0F24D365301C}.Profile|x64.ActiveCfg = Profile|x64
		{E1FB8E08-4436-344E-8819-0F24D365301C}.Profile|x64.Build.0 = Profile|x64
		{87559AD5-3B37-3C6D-987B-1D4778DB7CC7}.Debug|x64.ActiveCfg = Debug|x64
		{87559AD5-3B37-3C6D-987B-1D4778DB7CC7}.Debug|x64.Build.0 = Debug|x64
		{87559AD5-3B37-3C6D-987B-1D4778DB7CC7}.Release|x64.ActiveCfg = Release|x64
		{87559AD5-3B37-3C6D-987B-1D4778DB7CC7}.Release|x64.Build.0 = Release|x64
		{87559AD5-3B37-3C6D-987B-1D4778DB7CC7}.Profile|x64.ActiveCfg = Profile|x64
		{87559AD5-3B37-3C6D-987B-1D4778DB7CC7}.Profile|x64.Build.0 = Profile|x64
		{0DF8181F-A56F-33D8-ADA7-FA98F6192F9F}.Debug|x64.ActiveCfg = Debug|x64
		{0DF8181F-A56F-33D8-ADA7-FA98F6192F9F}.Debug|x64.Build.0 = Debug|x64
		{0DF8181F-A56F-33D8-ADA7-FA98F6192F9F}.Release|x64.ActiveCfg = Release|x64
		{0DF8181F-A56F-33D8-ADA7-FA98F6192F9F}.Release|x64.Build.0 = Release|x64
		{0DF8181F-A56F-33D8-ADA7-FA98F6192F9F}.Profile|x64.ActiveCfg = Profile|x64
		{0DF8181F-A56F-33D8-ADA7-FA98F6192F9F}.Profile|x64.Build.0 = Profile|x64
		{000F12FD-E210-3096-8F49-F699C102189B}.Debug|x64.ActiveCfg = Debug|x64
		{000F12FD-E210-3096-8F49-F699C102189B}.Debug|x64.Build.0 = Debug|x64
		{000F12FD-E210-3096-8F49-F699C102189B}.Release|x64.ActiveCfg = Release|x64
		{000F12FD-E210-3096-8F49-F699C102189B}.Release|x64.Build.0 = Release|x64
		{000F12FD-E210-3096-8F49-F699C102189B}.Profile|x64.ActiveCfg = Profile|x64
		{000F12FD-E210-3096-8F49-F699C102189B}.Profile|x64.Build.0 = Profile|x64
		{B994CFCB-A49C-3522-9861-4C43EDD8CB67}.Debug|x64.ActiveCfg = Debug|x64
		{B994CFCB-A49C-3522-9861-4C43EDD8CB67}.Debug|x64.Build.0 = Debug|x64
		{B994CFCB-A49C-3522-9861-4C43EDD8CB67}.Release|x64.ActiveCfg = Release|x64
		{B994CFCB-A49C-3522-9861-4C43EDD8CB67}.Release|x64.Build.0 = Release|x64
		{B994CFCB-A49C-3522-9861-4C43EDD8CB67}.Profile|x64.ActiveCfg = Profile|x64
		{B994CFCB-A49C-3522-9861-4C43EDD8CB67}.Profile|x64.Build.0 = Profile|x64
		{DAB6F00C-3D02-3A30-86CD-0800B9EDE46D}.Debug|x64.ActiveCfg = Debug|x64
		{DAB6F00C-3D02-3A30-86CD-0800B9EDE46D}.Debug|x64.Build.0 = Debug|x64
		{DAB6F00C-3D02-3A30-86CD-0800B9EDE46D}.Release|x64.ActiveCfg = Release|x64
		{DAB6F00C-3D02-3A30-86CD-0800B9EDE46D}.Release|x64.Build.0 = Release|x64
		{DAB6F00C-3D02-3A30-86CD-0800B9EDE46D}.Profile|x64.ActiveCfg = Profile|x64
		{DAB6F00C-3D02-3A30-86CD-0800B9EDE46D}.Profile|x64.Build.0 = Profile|x64
		{B93FE882-EA40-3D96-B8D3-6894868180A9}.Debug|x64.ActiveCfg = Debug|x64
		{B93FE882-EA40-3D96-B8D3-6894868180A9}.Debug|x64.Build.0 = Debug|x64
		{B93FE882-EA40-3D96-B8D3-6894868180A9}.Release|x64.ActiveCfg = Release|x64
		{B93FE882-EA40-3D96-B8D3-6894868180A9}.Release|x64.Build.0 = Release|x64
		{B93FE882-EA40-3D96-B8D3-6894868180A9}.Profile|x64.ActiveCfg = Profile|x64
		{B93FE882-EA40-3D96-B8D3-6894868180A9}.Profile|x64.Build.0 = Profile|x64
		{096AA828-A1AC-3F0B-8C7C-DC35A8DA729B}.Debug|x64.ActiveCfg = Debug|x64
		{096AA828-A1AC-3F0B-8C7C-DC35A8DA729B}.Debug|x64.Build.0 = Debug|x64
		{096AA828-A1AC-3F0B-8C7C-DC35A8DA729B}.Release|x64.ActiveCfg = Release|x64
		{096AA828-A1AC-3F0B-8C7C-DC35A8DA729B}.Release|x64.Build.0 = Release|x64
		{096AA828-A1AC-3F0B-8C7C-DC35A8DA729B}.Profile|x64.ActiveCfg = Profile|x64
		{096AA828-A1AC-3F0B-8C7C-DC35A8DA729B}.Profile|x64.Build.0 = Profile|x64
		{B68A51AC-0609-36FF-8AD8-B5BE72F84B19}.Debug|x64.ActiveCfg = Debug|x64
		{B68A51AC-0609-36FF-8AD8-B5BE72F84B19}.Debug|x64.Build.0 = Debug|x64
		{B68A51AC-0609-36FF-8AD8-B5BE72F84B19}.Release|x64.ActiveCfg = Release|x64
		{B68A51AC-0609-36FF-8AD8-B5BE72F84B19}.Release|x64.Build.0 = Release|x64
		{B68A51AC-0609-36FF-8AD8-B5BE72F84B19}.Profile|x64.ActiveCfg = Profile|x64
		{B68A51AC-0609-36FF-8AD8-B5BE72F84B19}.Profile|x64.Build.0 = Profile|x64
		{BD331D91-5BC4-39FC-B17F-D8C38D8413D3}.Debug|x64.ActiveCfg = Debug|x64
		{BD331D91-5BC4-39FC-B17F-D8C38D8413D3}.Debug|x64.Build.0 = Debug|x64
		{BD331D91-5BC4-39FC-B17F-D8C38D8413D3}.Release|x64.ActiveCfg = Release|x64
		{BD331D91-5BC4-39FC-B17F-D8C38D8413D3}.Release|x64.Build.0 = Release|x64
		{BD331D91-5BC4-39FC-B17F-D8C38D8413D3}.Profile|x64.ActiveCfg = Profile|x64
		{BD331D91-5BC4-39FC-B17F-D8C38D8413D3}.Profile|x64.Build.0 = Profile|x64
		{DF61D388-5E3C-3FDA-9FEE-2748BFBB4472}.Debug|x64.ActiveCfg = Debug|x64
		{DF61D388-5E3C-3FDA-9FEE-2748BFBB4472}.Debug|x64.Build.0 = Debug|x64
		{DF61D388-5E3C-3FDA-9FEE-2748BFBB4472}.Release|x64.ActiveCfg = Release|x64
		{DF61D388-5E3C-3FDA-9FEE-2748BFBB4472}.Release|x64.Build.0 = Release|x64
		{DF61D388-5E3C-3FDA-9FEE-2748BFBB4472}.Profile|x64.ActiveCfg = Profile|x64
		{DF61D388-5E3C-3FDA-9FEE-2748BFBB4472}.Profile|x64.Build.0 = Profile|x64
	EndGlobalSection
	GlobalSection(ExtensibilityGlobals) = postSolution
		SolutionGuid = {59A2CA91-5574-3D21-A370-A0F952F3C5F5}
	EndGlobalSection
	GlobalSection(ExtensibilityAddIns) = postSolution
	EndGlobalSection
EndGlobal
